// !$*UTF8*$!
{
	archiveVersion = 1;
	classes = {
	};
	objectVersion = 56;
	objects = {

/* Begin PBXBuildFile section */
		4D8E88102C85D8F800608CE6 /* AppDelegate.swift in Sources */ = {isa = PBXBuildFile; fileRef = 4D8E880F2C85D8F800608CE6 /* AppDelegate.swift */; };
		4D8E88122C85D8F800608CE6 /* SceneDelegate.swift in Sources */ = {isa = PBXBuildFile; fileRef = 4D8E88112C85D8F800608CE6 /* SceneDelegate.swift */; };
		4D8E881A2C85D8F800608CE6 /* ToDo_List.xcdatamodeld in Sources */ = {isa = PBXBuildFile; fileRef = 4D8E88182C85D8F800608CE6 /* ToDo_List.xcdatamodeld */; };
		4D8E881C2C85D8F900608CE6 /* Assets.xcassets in Resources */ = {isa = PBXBuildFile; fileRef = 4D8E881B2C85D8F900608CE6 /* Assets.xcassets */; };
		4D8E881F2C85D8F900608CE6 /* Base in Resources */ = {isa = PBXBuildFile; fileRef = 4D8E881E2C85D8F900608CE6 /* Base */; };
		4D8E88332C85DABD00608CE6 /* TaskListPresenter.swift in Sources */ = {isa = PBXBuildFile; fileRef = 4D8E882E2C85DABD00608CE6 /* TaskListPresenter.swift */; };
		4D8E88342C85DABD00608CE6 /* TaskListRouter.swift in Sources */ = {isa = PBXBuildFile; fileRef = 4D8E882F2C85DABD00608CE6 /* TaskListRouter.swift */; };
		4D8E88352C85DABD00608CE6 /* TaskListViewController.swift in Sources */ = {isa = PBXBuildFile; fileRef = 4D8E88302C85DABD00608CE6 /* TaskListViewController.swift */; };
		4D8E88362C85DABD00608CE6 /* TaskListProtocols.swift in Sources */ = {isa = PBXBuildFile; fileRef = 4D8E88312C85DABD00608CE6 /* TaskListProtocols.swift */; };
		4D8E88372C85DABD00608CE6 /* TaskListInteractor.swift in Sources */ = {isa = PBXBuildFile; fileRef = 4D8E88322C85DABD00608CE6 /* TaskListInteractor.swift */; };
		4D8E883A2C85DC3600608CE6 /* Alamofire in Frameworks */ = {isa = PBXBuildFile; productRef = 4D8E88392C85DC3600608CE6 /* Alamofire */; };
		4D8E883D2C85DC4500608CE6 /* SnapKit in Frameworks */ = {isa = PBXBuildFile; productRef = 4D8E883C2C85DC4500608CE6 /* SnapKit */; };
		4D8E88412C85DD0C00608CE6 /* Task+CoreDataProperties.swift in Sources */ = {isa = PBXBuildFile; fileRef = 4D8E883F2C85DD0C00608CE6 /* Task+CoreDataProperties.swift */; };
		4D8E88432C85DD8F00608CE6 /* TaskListAPI.swift in Sources */ = {isa = PBXBuildFile; fileRef = 4D8E88422C85DD8F00608CE6 /* TaskListAPI.swift */; };
		4D8E88452C85DDB800608CE6 /* AlamofireManager.swift in Sources */ = {isa = PBXBuildFile; fileRef = 4D8E88442C85DDB800608CE6 /* AlamofireManager.swift */; };
		4D8E88472C85DDFF00608CE6 /* CoreDataManager.swift in Sources */ = {isa = PBXBuildFile; fileRef = 4D8E88462C85DDFF00608CE6 /* CoreDataManager.swift */; };
		4D8E884A2C85E26B00608CE6 /* TaskCell.swift in Sources */ = {isa = PBXBuildFile; fileRef = 4D8E88492C85E26B00608CE6 /* TaskCell.swift */; };
/* End PBXBuildFile section */

/* Begin PBXFileReference section */
		4D8E880C2C85D8F800608CE6 /* ToDo_List.app */ = {isa = PBXFileReference; explicitFileType = wrapper.application; includeInIndex = 0; path = ToDo_List.app; sourceTree = BUILT_PRODUCTS_DIR; };
		4D8E880F2C85D8F800608CE6 /* AppDelegate.swift */ = {isa = PBXFileReference; lastKnownFileType = sourcecode.swift; path = AppDelegate.swift; sourceTree = "<group>"; };
		4D8E88112C85D8F800608CE6 /* SceneDelegate.swift */ = {isa = PBXFileReference; lastKnownFileType = sourcecode.swift; path = SceneDelegate.swift; sourceTree = "<group>"; };
		4D8E88192C85D8F800608CE6 /* ToDo_List.xcdatamodel */ = {isa = PBXFileReference; lastKnownFileType = wrapper.xcdatamodel; path = ToDo_List.xcdatamodel; sourceTree = "<group>"; };
		4D8E881B2C85D8F900608CE6 /* Assets.xcassets */ = {isa = PBXFileReference; lastKnownFileType = folder.assetcatalog; path = Assets.xcassets; sourceTree = "<group>"; };
		4D8E881E2C85D8F900608CE6 /* Base */ = {isa = PBXFileReference; lastKnownFileType = file.storyboard; name = Base; path = Base.lproj/LaunchScreen.storyboard; sourceTree = "<group>"; };
		4D8E88202C85D8F900608CE6 /* Info.plist */ = {isa = PBXFileReference; lastKnownFileType = text.plist.xml; path = Info.plist; sourceTree = "<group>"; };
		4D8E882E2C85DABD00608CE6 /* TaskListPresenter.swift */ = {isa = PBXFileReference; lastKnownFileType = sourcecode.swift; path = TaskListPresenter.swift; sourceTree = "<group>"; };
		4D8E882F2C85DABD00608CE6 /* TaskListRouter.swift */ = {isa = PBXFileReference; lastKnownFileType = sourcecode.swift; path = TaskListRouter.swift; sourceTree = "<group>"; };
		4D8E88302C85DABD00608CE6 /* TaskListViewController.swift */ = {isa = PBXFileReference; lastKnownFileType = sourcecode.swift; path = TaskListViewController.swift; sourceTree = "<group>"; };
		4D8E88312C85DABD00608CE6 /* TaskListProtocols.swift */ = {isa = PBXFileReference; lastKnownFileType = sourcecode.swift; path = TaskListProtocols.swift; sourceTree = "<group>"; };
		4D8E88322C85DABD00608CE6 /* TaskListInteractor.swift */ = {isa = PBXFileReference; lastKnownFileType = sourcecode.swift; path = TaskListInteractor.swift; sourceTree = "<group>"; };
		4D8E883F2C85DD0C00608CE6 /* Task+CoreDataProperties.swift */ = {isa = PBXFileReference; lastKnownFileType = sourcecode.swift; path = "Task+CoreDataProperties.swift"; sourceTree = "<group>"; };
		4D8E88422C85DD8F00608CE6 /* TaskListAPI.swift */ = {isa = PBXFileReference; lastKnownFileType = sourcecode.swift; path = TaskListAPI.swift; sourceTree = "<group>"; };
		4D8E88442C85DDB800608CE6 /* AlamofireManager.swift */ = {isa = PBXFileReference; lastKnownFileType = sourcecode.swift; path = AlamofireManager.swift; sourceTree = "<group>"; };
		4D8E88462C85DDFF00608CE6 /* CoreDataManager.swift */ = {isa = PBXFileReference; lastKnownFileType = sourcecode.swift; path = CoreDataManager.swift; sourceTree = "<group>"; };
		4D8E88492C85E26B00608CE6 /* TaskCell.swift */ = {isa = PBXFileReference; lastKnownFileType = sourcecode.swift; path = TaskCell.swift; sourceTree = "<group>"; };
/* End PBXFileReference section */

/* Begin PBXFrameworksBuildPhase section */
		4D8E88092C85D8F800608CE6 /* Frameworks */ = {
			isa = PBXFrameworksBuildPhase;
			buildActionMask = 2147483647;
			files = (
				4D8E883A2C85DC3600608CE6 /* Alamofire in Frameworks */,
				4D8E883D2C85DC4500608CE6 /* SnapKit in Frameworks */,
			);
			runOnlyForDeploymentPostprocessing = 0;
		};
/* End PBXFrameworksBuildPhase section */

/* Begin PBXGroup section */
		4D8E88032C85D8F800608CE6 = {
			isa = PBXGroup;
			children = (
				4D8E880E2C85D8F800608CE6 /* ToDo_List */,
				4D8E880D2C85D8F800608CE6 /* Products */,
			);
			sourceTree = "<group>";
		};
		4D8E880D2C85D8F800608CE6 /* Products */ = {
			isa = PBXGroup;
			children = (
				4D8E880C2C85D8F800608CE6 /* ToDo_List.app */,
			);
			name = Products;
			sourceTree = "<group>";
		};
		4D8E880E2C85D8F800608CE6 /* ToDo_List */ = {
			isa = PBXGroup;
			children = (
				4D8E882B2C85DA6E00608CE6 /* CoreData */,
				4D8E882A2C85DA6A00608CE6 /* App */,
				4D8E88292C85DA6000608CE6 /* Resources */,
				4D8E88282C85DA5A00608CE6 /* Common */,
				4D8E88272C85DA5500608CE6 /* Models */,
				4D8E88262C85DA3D00608CE6 /* Modules */,
			);
			path = ToDo_List;
			sourceTree = "<group>";
		};
		4D8E88262C85DA3D00608CE6 /* Modules */ = {
			isa = PBXGroup;
			children = (
				4D8E882D2C85DAAC00608CE6 /* TaskList */,
			);
			path = Modules;
			sourceTree = "<group>";
		};
		4D8E88272C85DA5500608CE6 /* Models */ = {
			isa = PBXGroup;
			children = (
				4D8E883F2C85DD0C00608CE6 /* Task+CoreDataProperties.swift */,
				4D8E88422C85DD8F00608CE6 /* TaskListAPI.swift */,
			);
			path = Models;
			sourceTree = "<group>";
		};
		4D8E88282C85DA5A00608CE6 /* Common */ = {
			isa = PBXGroup;
			children = (
				4D8E88482C85E25C00608CE6 /* UIComponents */,
				4D8E882C2C85DAA600608CE6 /* Managers */,
			);
			path = Common;
			sourceTree = "<group>";
		};
		4D8E88292C85DA6000608CE6 /* Resources */ = {
			isa = PBXGroup;
			children = (
				4D8E881B2C85D8F900608CE6 /* Assets.xcassets */,
				4D8E88202C85D8F900608CE6 /* Info.plist */,
				4D8E881D2C85D8F900608CE6 /* LaunchScreen.storyboard */,
			);
			path = Resources;
			sourceTree = "<group>";
		};
		4D8E882A2C85DA6A00608CE6 /* App */ = {
			isa = PBXGroup;
			children = (
				4D8E880F2C85D8F800608CE6 /* AppDelegate.swift */,
				4D8E88112C85D8F800608CE6 /* SceneDelegate.swift */,
			);
			path = App;
			sourceTree = "<group>";
		};
		4D8E882B2C85DA6E00608CE6 /* CoreData */ = {
			isa = PBXGroup;
			children = (
				4D8E88182C85D8F800608CE6 /* ToDo_List.xcdatamodeld */,
			);
			path = CoreData;
			sourceTree = "<group>";
		};
		4D8E882C2C85DAA600608CE6 /* Managers */ = {
			isa = PBXGroup;
			children = (
				4D8E88442C85DDB800608CE6 /* AlamofireManager.swift */,
				4D8E88462C85DDFF00608CE6 /* CoreDataManager.swift */,
			);
			path = Managers;
			sourceTree = "<group>";
		};
		4D8E882D2C85DAAC00608CE6 /* TaskList */ = {
			isa = PBXGroup;
			children = (
				4D8E882E2C85DABD00608CE6 /* TaskListPresenter.swift */,
				4D8E882F2C85DABD00608CE6 /* TaskListRouter.swift */,
				4D8E88302C85DABD00608CE6 /* TaskListViewController.swift */,
				4D8E88312C85DABD00608CE6 /* TaskListProtocols.swift */,
				4D8E88322C85DABD00608CE6 /* TaskListInteractor.swift */,
			);
			path = TaskList;
			sourceTree = "<group>";
		};
		4D8E88482C85E25C00608CE6 /* UIComponents */ = {
			isa = PBXGroup;
			children = (
				4D8E88492C85E26B00608CE6 /* TaskCell.swift */,
			);
			path = UIComponents;
			sourceTree = "<group>";
		};
/* End PBXGroup section */

/* Begin PBXNativeTarget section */
		4D8E880B2C85D8F800608CE6 /* ToDo_List */ = {
			isa = PBXNativeTarget;
			buildConfigurationList = 4D8E88232C85D8F900608CE6 /* Build configuration list for PBXNativeTarget "ToDo_List" */;
			buildPhases = (
				4D8E88082C85D8F800608CE6 /* Sources */,
				4D8E88092C85D8F800608CE6 /* Frameworks */,
				4D8E880A2C85D8F800608CE6 /* Resources */,
			);
			buildRules = (
			);
			dependencies = (
			);
			name = ToDo_List;
			packageProductDependencies = (
				4D8E88392C85DC3600608CE6 /* Alamofire */,
				4D8E883C2C85DC4500608CE6 /* SnapKit */,
			);
			productName = ToDo_List;
			productReference = 4D8E880C2C85D8F800608CE6 /* ToDo_List.app */;
			productType = "com.apple.product-type.application";
		};
/* End PBXNativeTarget section */

/* Begin PBXProject section */
		4D8E88042C85D8F800608CE6 /* Project object */ = {
			isa = PBXProject;
			attributes = {
				BuildIndependentTargetsInParallel = 1;
				LastSwiftUpdateCheck = 1540;
				LastUpgradeCheck = 1540;
				TargetAttributes = {
					4D8E880B2C85D8F800608CE6 = {
						CreatedOnToolsVersion = 15.4;
					};
				};
			};
			buildConfigurationList = 4D8E88072C85D8F800608CE6 /* Build configuration list for PBXProject "ToDo_List" */;
			compatibilityVersion = "Xcode 14.0";
			developmentRegion = en;
			hasScannedForEncodings = 0;
			knownRegions = (
				en,
				Base,
			);
			mainGroup = 4D8E88032C85D8F800608CE6;
			packageReferences = (
				4D8E88382C85DC3600608CE6 /* XCRemoteSwiftPackageReference "Alamofire" */,
				4D8E883B2C85DC4500608CE6 /* XCRemoteSwiftPackageReference "SnapKit" */,
			);
			productRefGroup = 4D8E880D2C85D8F800608CE6 /* Products */;
			projectDirPath = "";
			projectRoot = "";
			targets = (
				4D8E880B2C85D8F800608CE6 /* ToDo_List */,
			);
		};
/* End PBXProject section */

/* Begin PBXResourcesBuildPhase section */
		4D8E880A2C85D8F800608CE6 /* Resources */ = {
			isa = PBXResourcesBuildPhase;
			buildActionMask = 2147483647;
			files = (
				4D8E881C2C85D8F900608CE6 /* Assets.xcassets in Resources */,
				4D8E881F2C85D8F900608CE6 /* Base in Resources */,
			);
			runOnlyForDeploymentPostprocessing = 0;
		};
/* End PBXResourcesBuildPhase section */

/* Begin PBXSourcesBuildPhase section */
		4D8E88082C85D8F800608CE6 /* Sources */ = {
			isa = PBXSourcesBuildPhase;
			buildActionMask = 2147483647;
			files = (
				4D8E88332C85DABD00608CE6 /* TaskListPresenter.swift in Sources */,
				4D8E88412C85DD0C00608CE6 /* Task+CoreDataProperties.swift in Sources */,
				4D8E88342C85DABD00608CE6 /* TaskListRouter.swift in Sources */,
				4D8E88352C85DABD00608CE6 /* TaskListViewController.swift in Sources */,
				4D8E88362C85DABD00608CE6 /* TaskListProtocols.swift in Sources */,
				4D8E88372C85DABD00608CE6 /* TaskListInteractor.swift in Sources */,
				4D8E88472C85DDFF00608CE6 /* CoreDataManager.swift in Sources */,
				4D8E88102C85D8F800608CE6 /* AppDelegate.swift in Sources */,
				4D8E88122C85D8F800608CE6 /* SceneDelegate.swift in Sources */,
				4D8E88452C85DDB800608CE6 /* AlamofireManager.swift in Sources */,
				4D8E881A2C85D8F800608CE6 /* ToDo_List.xcdatamodeld in Sources */,
				4D8E884A2C85E26B00608CE6 /* TaskCell.swift in Sources */,
				4D8E88432C85DD8F00608CE6 /* TaskListAPI.swift in Sources */,
			);
			runOnlyForDeploymentPostprocessing = 0;
		};
/* End PBXSourcesBuildPhase section */

/* Begin PBXVariantGroup section */
		4D8E881D2C85D8F900608CE6 /* LaunchScreen.storyboard */ = {
			isa = PBXVariantGroup;
			children = (
				4D8E881E2C85D8F900608CE6 /* Base */,
			);
			name = LaunchScreen.storyboard;
			sourceTree = "<group>";
		};
/* End PBXVariantGroup section */

/* Begin XCBuildConfiguration section */
		4D8E88212C85D8F900608CE6 /* Debug */ = {
			isa = XCBuildConfiguration;
			buildSettings = {
				ALWAYS_SEARCH_USER_PATHS = NO;
				ASSETCATALOG_COMPILER_GENERATE_SWIFT_ASSET_SYMBOL_EXTENSIONS = YES;
				CLANG_ANALYZER_NONNULL = YES;
				CLANG_ANALYZER_NUMBER_OBJECT_CONVERSION = YES_AGGRESSIVE;
				CLANG_CXX_LANGUAGE_STANDARD = "gnu++20";
				CLANG_ENABLE_MODULES = YES;
				CLANG_ENABLE_OBJC_ARC = YES;
				CLANG_ENABLE_OBJC_WEAK = YES;
				CLANG_WARN_BLOCK_CAPTURE_AUTORELEASING = YES;
				CLANG_WARN_BOOL_CONVERSION = YES;
				CLANG_WARN_COMMA = YES;
				CLANG_WARN_CONSTANT_CONVERSION = YES;
				CLANG_WARN_DEPRECATED_OBJC_IMPLEMENTATIONS = YES;
				CLANG_WARN_DIRECT_OBJC_ISA_USAGE = YES_ERROR;
				CLANG_WARN_DOCUMENTATION_COMMENTS = YES;
				CLANG_WARN_EMPTY_BODY = YES;
				CLANG_WARN_ENUM_CONVERSION = YES;
				CLANG_WARN_INFINITE_RECURSION = YES;
				CLANG_WARN_INT_CONVERSION = YES;
				CLANG_WARN_NON_LITERAL_NULL_CONVERSION = YES;
				CLANG_WARN_OBJC_IMPLICIT_RETAIN_SELF = YES;
				CLANG_WARN_OBJC_LITERAL_CONVERSION = YES;
				CLANG_WARN_OBJC_ROOT_CLASS = YES_ERROR;
				CLANG_WARN_QUOTED_INCLUDE_IN_FRAMEWORK_HEADER = YES;
				CLANG_WARN_RANGE_LOOP_ANALYSIS = YES;
				CLANG_WARN_STRICT_PROTOTYPES = YES;
				CLANG_WARN_SUSPICIOUS_MOVE = YES;
				CLANG_WARN_UNGUARDED_AVAILABILITY = YES_AGGRESSIVE;
				CLANG_WARN_UNREACHABLE_CODE = YES;
				CLANG_WARN__DUPLICATE_METHOD_MATCH = YES;
				COPY_PHASE_STRIP = NO;
				DEBUG_INFORMATION_FORMAT = dwarf;
				ENABLE_STRICT_OBJC_MSGSEND = YES;
				ENABLE_TESTABILITY = YES;
				ENABLE_USER_SCRIPT_SANDBOXING = YES;
				GCC_C_LANGUAGE_STANDARD = gnu17;
				GCC_DYNAMIC_NO_PIC = NO;
				GCC_NO_COMMON_BLOCKS = YES;
				GCC_OPTIMIZATION_LEVEL = 0;
				GCC_PREPROCESSOR_DEFINITIONS = (
					"DEBUG=1",
					"$(inherited)",
				);
				GCC_WARN_64_TO_32_BIT_CONVERSION = YES;
				GCC_WARN_ABOUT_RETURN_TYPE = YES_ERROR;
				GCC_WARN_UNDECLARED_SELECTOR = YES;
				GCC_WARN_UNINITIALIZED_AUTOS = YES_AGGRESSIVE;
				GCC_WARN_UNUSED_FUNCTION = YES;
				GCC_WARN_UNUSED_VARIABLE = YES;
				IPHONEOS_DEPLOYMENT_TARGET = 17.5;
				LOCALIZATION_PREFERS_STRING_CATALOGS = YES;
				MTL_ENABLE_DEBUG_INFO = INCLUDE_SOURCE;
				MTL_FAST_MATH = YES;
				ONLY_ACTIVE_ARCH = YES;
				SDKROOT = iphoneos;
				SWIFT_ACTIVE_COMPILATION_CONDITIONS = "DEBUG $(inherited)";
				SWIFT_OPTIMIZATION_LEVEL = "-Onone";
			};
			name = Debug;
		};
		4D8E88222C85D8F900608CE6 /* Release */ = {
			isa = XCBuildConfiguration;
			buildSettings = {
				ALWAYS_SEARCH_USER_PATHS = NO;
				ASSETCATALOG_COMPILER_GENERATE_SWIFT_ASSET_SYMBOL_EXTENSIONS = YES;
				CLANG_ANALYZER_NONNULL = YES;
				CLANG_ANALYZER_NUMBER_OBJECT_CONVERSION = YES_AGGRESSIVE;
				CLANG_CXX_LANGUAGE_STANDARD = "gnu++20";
				CLANG_ENABLE_MODULES = YES;
				CLANG_ENABLE_OBJC_ARC = YES;
				CLANG_ENABLE_OBJC_WEAK = YES;
				CLANG_WARN_BLOCK_CAPTURE_AUTORELEASING = YES;
				CLANG_WARN_BOOL_CONVERSION = YES;
				CLANG_WARN_COMMA = YES;
				CLANG_WARN_CONSTANT_CONVERSION = YES;
				CLANG_WARN_DEPRECATED_OBJC_IMPLEMENTATIONS = YES;
				CLANG_WARN_DIRECT_OBJC_ISA_USAGE = YES_ERROR;
				CLANG_WARN_DOCUMENTATION_COMMENTS = YES;
				CLANG_WARN_EMPTY_BODY = YES;
				CLANG_WARN_ENUM_CONVERSION = YES;
				CLANG_WARN_INFINITE_RECURSION = YES;
				CLANG_WARN_INT_CONVERSION = YES;
				CLANG_WARN_NON_LITERAL_NULL_CONVERSION = YES;
				CLANG_WARN_OBJC_IMPLICIT_RETAIN_SELF = YES;
				CLANG_WARN_OBJC_LITERAL_CONVERSION = YES;
				CLANG_WARN_OBJC_ROOT_CLASS = YES_ERROR;
				CLANG_WARN_QUOTED_INCLUDE_IN_FRAMEWORK_HEADER = YES;
				CLANG_WARN_RANGE_LOOP_ANALYSIS = YES;
				CLANG_WARN_STRICT_PROTOTYPES = YES;
				CLANG_WARN_SUSPICIOUS_MOVE = YES;
				CLANG_WARN_UNGUARDED_AVAILABILITY = YES_AGGRESSIVE;
				CLANG_WARN_UNREACHABLE_CODE = YES;
				CLANG_WARN__DUPLICATE_METHOD_MATCH = YES;
				COPY_PHASE_STRIP = NO;
				DEBUG_INFORMATION_FORMAT = "dwarf-with-dsym";
				ENABLE_NS_ASSERTIONS = NO;
				ENABLE_STRICT_OBJC_MSGSEND = YES;
				ENABLE_USER_SCRIPT_SANDBOXING = YES;
				GCC_C_LANGUAGE_STANDARD = gnu17;
				GCC_NO_COMMON_BLOCKS = YES;
				GCC_WARN_64_TO_32_BIT_CONVERSION = YES;
				GCC_WARN_ABOUT_RETURN_TYPE = YES_ERROR;
				GCC_WARN_UNDECLARED_SELECTOR = YES;
				GCC_WARN_UNINITIALIZED_AUTOS = YES_AGGRESSIVE;
				GCC_WARN_UNUSED_FUNCTION = YES;
				GCC_WARN_UNUSED_VARIABLE = YES;
				IPHONEOS_DEPLOYMENT_TARGET = 17.5;
				LOCALIZATION_PREFERS_STRING_CATALOGS = YES;
				MTL_ENABLE_DEBUG_INFO = NO;
				MTL_FAST_MATH = YES;
				SDKROOT = iphoneos;
				SWIFT_COMPILATION_MODE = wholemodule;
				VALIDATE_PRODUCT = YES;
			};
			name = Release;
		};
		4D8E88242C85D8F900608CE6 /* Debug */ = {
			isa = XCBuildConfiguration;
			buildSettings = {
				ASSETCATALOG_COMPILER_APPICON_NAME = AppIcon;
				ASSETCATALOG_COMPILER_GLOBAL_ACCENT_COLOR_NAME = AccentColor;
				CODE_SIGN_STYLE = Automatic;
				CURRENT_PROJECT_VERSION = 1;
				DEVELOPMENT_TEAM = B34B7NL5L2;
				GENERATE_INFOPLIST_FILE = YES;
				INFOPLIST_FILE = ToDo_List/Resources/Info.plist;
				INFOPLIST_KEY_UIApplicationSupportsIndirectInputEvents = YES;
				INFOPLIST_KEY_UILaunchStoryboardName = LaunchScreen;
				INFOPLIST_KEY_UIMainStoryboardFile = "";
				INFOPLIST_KEY_UISupportedInterfaceOrientations_iPad = "UIInterfaceOrientationPortrait UIInterfaceOrientationPortraitUpsideDown UIInterfaceOrientationLandscapeLeft UIInterfaceOrientationLandscapeRight";
				INFOPLIST_KEY_UISupportedInterfaceOrientations_iPhone = "UIInterfaceOrientationPortrait UIInterfaceOrientationLandscapeLeft UIInterfaceOrientationLandscapeRight";
				LD_RUNPATH_SEARCH_PATHS = (
					"$(inherited)",
					"@executable_path/Frameworks",
				);
				MARKETING_VERSION = 1.0;
				PRODUCT_BUNDLE_IDENTIFIER = "mitya.ToDo-List";
				PRODUCT_NAME = "$(TARGET_NAME)";
				SWIFT_EMIT_LOC_STRINGS = YES;
				SWIFT_VERSION = 5.0;
				TARGETED_DEVICE_FAMILY = "1,2";
			};
			name = Debug;
		};
		4D8E88252C85D8F900608CE6 /* Release */ = {
			isa = XCBuildConfiguration;
			buildSettings = {
				ASSETCATALOG_COMPILER_APPICON_NAME = AppIcon;
				ASSETCATALOG_COMPILER_GLOBAL_ACCENT_COLOR_NAME = AccentColor;
				CODE_SIGN_STYLE = Automatic;
				CURRENT_PROJECT_VERSION = 1;
				DEVELOPMENT_TEAM = B34B7NL5L2;
				GENERATE_INFOPLIST_FILE = YES;
				INFOPLIST_FILE = ToDo_List/Resources/Info.plist;
				INFOPLIST_KEY_UIApplicationSupportsIndirectInputEvents = YES;
				INFOPLIST_KEY_UILaunchStoryboardName = LaunchScreen;
				INFOPLIST_KEY_UIMainStoryboardFile = "";
				INFOPLIST_KEY_UISupportedInterfaceOrientations_iPad = "UIInterfaceOrientationPortrait UIInterfaceOrientationPortraitUpsideDown UIInterfaceOrientationLandscapeLeft UIInterfaceOrientationLandscapeRight";
				INFOPLIST_KEY_UISupportedInterfaceOrientations_iPhone = "UIInterfaceOrientationPortrait UIInterfaceOrientationLandscapeLeft UIInterfaceOrientationLandscapeRight";
				LD_RUNPATH_SEARCH_PATHS = (
					"$(inherited)",
					"@executable_path/Frameworks",
				);
				MARKETING_VERSION = 1.0;
				PRODUCT_BUNDLE_IDENTIFIER = "mitya.ToDo-List";
				PRODUCT_NAME = "$(TARGET_NAME)";
				SWIFT_EMIT_LOC_STRINGS = YES;
				SWIFT_VERSION = 5.0;
				TARGETED_DEVICE_FAMILY = "1,2";
			};
			name = Release;
		};
/* End XCBuildConfiguration section */

/* Begin XCConfigurationList section */
		4D8E88072C85D8F800608CE6 /* Build configuration list for PBXProject "ToDo_List" */ = {
			isa = XCConfigurationList;
			buildConfigurations = (
				4D8E88212C85D8F900608CE6 /* Debug */,
				4D8E88222C85D8F900608CE6 /* Release */,
			);
			defaultConfigurationIsVisible = 0;
			defaultConfigurationName = Release;
		};
		4D8E88232C85D8F900608CE6 /* Build configuration list for PBXNativeTarget "ToDo_List" */ = {
			isa = XCConfigurationList;
			buildConfigurations = (
				4D8E88242C85D8F900608CE6 /* Debug */,
				4D8E88252C85D8F900608CE6 /* Release */,
			);
			defaultConfigurationIsVisible = 0;
			defaultConfigurationName = Release;
		};
/* End XCConfigurationList section */

/* Begin XCRemoteSwiftPackageReference section */
		4D8E88382C85DC3600608CE6 /* XCRemoteSwiftPackageReference "Alamofire" */ = {
			isa = XCRemoteSwiftPackageReference;
			repositoryURL = "https://github.com/Alamofire/Alamofire";
			requirement = {
				kind = upToNextMajorVersion;
				minimumVersion = 5.9.1;
			};
		};
		4D8E883B2C85DC4500608CE6 /* XCRemoteSwiftPackageReference "SnapKit" */ = {
			isa = XCRemoteSwiftPackageReference;
			repositoryURL = "https://github.com/SnapKit/SnapKit.git";
			requirement = {
				kind = upToNextMajorVersion;
				minimumVersion = 5.7.1;
			};
		};
/* End XCRemoteSwiftPackageReference section */

/* Begin XCSwiftPackageProductDependency section */
		4D8E88392C85DC3600608CE6 /* Alamofire */ = {
			isa = XCSwiftPackageProductDependency;
			package = 4D8E88382C85DC3600608CE6 /* XCRemoteSwiftPackageReference "Alamofire" */;
			productName = Alamofire;
		};
		4D8E883C2C85DC4500608CE6 /* SnapKit */ = {
			isa = XCSwiftPackageProductDependency;
			package = 4D8E883B2C85DC4500608CE6 /* XCRemoteSwiftPackageReference "SnapKit" */;
			productName = SnapKit;
		};
/* End XCSwiftPackageProductDependency section */

/* Begin XCVersionGroup section */
		4D8E88182C85D8F800608CE6 /* ToDo_List.xcdatamodeld */ = {
			isa = XCVersionGroup;
			children = (
				4D8E88192C85D8F800608CE6 /* ToDo_List.xcdatamodel */,
			);
			currentVersion = 4D8E88192C85D8F800608CE6 /* ToDo_List.xcdatamodel */;
			path = ToDo_List.xcdatamodeld;
			sourceTree = "<group>";
			versionGroupType = wrapper.xcdatamodel;
		};
/* End XCVersionGroup section */
	};
	rootObject = 4D8E88042C85D8F800608CE6 /* Project object */;
}
